
Microsoft Visual Studio Solution File, Format Version 12.00
# Visual Studio Version 17
VisualStudioVersion = 17.1.32407.343
MinimumVisualStudioVersion = 10.0.40219.1
Project("{FAE04EC0-301F-11D3-BF4B-00C04F79EFBC}") = "Gs1BrDotNet", "Gs1BrDotNet\Gs1BrDotNet.csproj", "{7E01AAD1-6218-46E0-931F-16E5D5177252}"
EndProject
Project("{FAE04EC0-301F-11D3-BF4B-00C04F79EFBC}") = "Exemplo", "Exemplo\Exemplo.csproj", "{3B864689-C242-47EA-AACC-A61BF97F9461}"
EndProject
Global
	GlobalSection(SolutionConfigurationPlatforms) = preSolution
		Debug|Any CPU = Debug|Any CPU
		Release|Any CPU = Release|Any CPU
	EndGlobalSection
	GlobalSection(ProjectConfigurationPlatforms) = postSolution
		{7E01AAD1-6218-46E0-931F-16E5D5177252}.Debug|Any CPU.ActiveCfg = Debug|Any CPU
		{7E01AAD1-6218-46E0-931F-16E5D5177252}.Debug|Any CPU.Build.0 = Debug|Any CPU
		{7E01AAD1-6218-46E0-931F-16E5D5177252}.Release|Any CPU.ActiveCfg = Release|Any CPU
		{7E01AAD1-6218-46E0-931F-16E5D5177252}.Release|Any CPU.Build.0 = Release|Any CPU
		{3B864689-C242-47EA-AACC-A61BF97F9461}.Debug|Any CPU.ActiveCfg = Debug|Any CPU
		{3B864689-C242-47EA-AACC-A61BF97F9461}.Debug|Any CPU.Build.0 = Debug|Any CPU
		{3B864689-C242-47EA-AACC-A61BF97F9461}.Release|Any CPU.ActiveCfg = Release|Any CPU
		{3B864689-C242-47EA-AACC-A61BF97F9461}.Release|Any CPU.Build.0 = Release|Any CPU
	EndGlobalSection
	GlobalSection(SolutionProperties) = preSolution
		HideSolutionNode = FALSE
	EndGlobalSection
	GlobalSection(ExtensibilityGlobals) = postSolution
		SolutionGuid = {3EB0439A-F572-46C4-9F5A-35CB23814A8C}
	EndGlobalSection
EndGlobal
